
Microsoft Visual Studio Solution File, Format Version 12.00
# Visual Studio Version 16
VisualStudioVersion = 16.0.30907.101
MinimumVisualStudioVersion = 10.0.40219.1
Project("{FAE04EC0-301F-11D3-BF4B-00C04F79EFBC}") = "DotNetFiveWCFMessageLogger", "DotNetFiveWCFMessageLogger\DotNetFiveWCFMessageLogger.csproj", "{F6E4B07F-2304-4F9A-8509-FFB066E9D6EC}"
EndProject
Project("{FAE04EC0-301F-11D3-BF4B-00C04F79EFBC}") = "Client", "Client\Client.csproj", "{E84F71EF-DCD6-4756-A28D-2EF1EDA86EC7}"
EndProject
Project("{FAE04EC0-301F-11D3-BF4B-00C04F79EFBC}") = "service", "service\service.csproj", "{66C5F965-7C66-479A-9960-A3CA6080A71B}"
EndProject
Global
	GlobalSection(SolutionConfigurationPlatforms) = preSolution
		Debug|Any CPU = Debug|Any CPU
		Release|Any CPU = Release|Any CPU
	EndGlobalSection
	GlobalSection(ProjectConfigurationPlatforms) = postSolution
		{F6E4B07F-2304-4F9A-8509-FFB066E9D6EC}.Debug|Any CPU.ActiveCfg = Debug|Any CPU
		{F6E4B07F-2304-4F9A-8509-FFB066E9D6EC}.Debug|Any CPU.Build.0 = Debug|Any CPU
		{F6E4B07F-2304-4F9A-8509-FFB066E9D6EC}.Release|Any CPU.ActiveCfg = Release|Any CPU
		{F6E4B07F-2304-4F9A-8509-FFB066E9D6EC}.Release|Any CPU.Build.0 = Release|Any CPU
		{E84F71EF-DCD6-4756-A28D-2EF1EDA86EC7}.Debug|Any CPU.ActiveCfg = Debug|Any CPU
		{E84F71EF-DCD6-4756-A28D-2EF1EDA86EC7}.Debug|Any CPU.Build.0 = Debug|Any CPU
		{E84F71EF-DCD6-4756-A28D-2EF1EDA86EC7}.Release|Any CPU.ActiveCfg = Release|Any CPU
		{E84F71EF-DCD6-4756-A28D-2EF1EDA86EC7}.Release|Any CPU.Build.0 = Release|Any CPU
		{66C5F965-7C66-479A-9960-A3CA6080A71B}.Debug|Any CPU.ActiveCfg = Debug|Any CPU
		{66C5F965-7C66-479A-9960-A3CA6080A71B}.Debug|Any CPU.Build.0 = Debug|Any CPU
		{66C5F965-7C66-479A-9960-A3CA6080A71B}.Release|Any CPU.ActiveCfg = Release|Any CPU
		{66C5F965-7C66-479A-9960-A3CA6080A71B}.Release|Any CPU.Build.0 = Release|Any CPU
	EndGlobalSection
	GlobalSection(SolutionProperties) = preSolution
		HideSolutionNode = FALSE
	EndGlobalSection
	GlobalSection(ExtensibilityGlobals) = postSolution
		SolutionGuid = {D0403F55-C136-44C5-AEB5-993BD5F00DCF}
	EndGlobalSection
EndGlobal
